// !$*UTF8*$!
{
	archiveVersion = 1;
	classes = {
	};
	objectVersion = 46;
	objects = {

/* Begin PBXBuildFile section */
		B9AB29F41958347B001566A6 /* liblua.a in Frameworks */ = {isa = PBXBuildFile; fileRef = B9AB29EE1958347B001566A6 /* liblua.a */; };
		B9AB29F51958347B001566A6 /* main.cpp in Sources */ = {isa = PBXBuildFile; fileRef = B9AB29F31958347B001566A6 /* main.cpp */; };
/* End PBXBuildFile section */

/* Begin PBXCopyFilesBuildPhase section */
		B9AB297F195831E2001566A6 /* CopyFiles */ = {
			isa = PBXCopyFilesBuildPhase;
			buildActionMask = 2147483647;
			dstPath = /usr/share/man/man1/;
			dstSubfolderSpec = 0;
			files = (
			);
			runOnlyForDeploymentPostprocessing = 1;
		};
/* End PBXCopyFilesBuildPhase section */

/* Begin PBXFileReference section */
		B9AB2981195831E2001566A6 /* TestLuaCpp */ = {isa = PBXFileReference; explicitFileType = "compiled.mach-o.executable"; includeInIndex = 0; path = TestLuaCpp; sourceTree = BUILT_PRODUCTS_DIR; };
		B9AB29ED1958347B001566A6 /* lauxlib.h */ = {isa = PBXFileReference; fileEncoding = 4; lastKnownFileType = sourcecode.c.h; path = lauxlib.h; sourceTree = "<group>"; };
		B9AB29EE1958347B001566A6 /* liblua.a */ = {isa = PBXFileReference; lastKnownFileType = archive.ar; path = liblua.a; sourceTree = "<group>"; };
		B9AB29EF1958347B001566A6 /* lua.h */ = {isa = PBXFileReference; fileEncoding = 4; lastKnownFileType = sourcecode.c.h; path = lua.h; sourceTree = "<group>"; };
		B9AB29F01958347B001566A6 /* lua.hpp */ = {isa = PBXFileReference; fileEncoding = 4; lastKnownFileType = sourcecode.cpp.h; path = lua.hpp; sourceTree = "<group>"; };
		B9AB29F11958347B001566A6 /* luaconf.h */ = {isa = PBXFileReference; fileEncoding = 4; lastKnownFileType = sourcecode.c.h; path = luaconf.h; sourceTree = "<group>"; };
		B9AB29F21958347B001566A6 /* lualib.h */ = {isa = PBXFileReference; fileEncoding = 4; lastKnownFileType = sourcecode.c.h; path = lualib.h; sourceTree = "<group>"; };
		B9AB29F31958347B001566A6 /* main.cpp */ = {isa = PBXFileReference; fileEncoding = 4; lastKnownFileType = sourcecode.cpp.cpp; path = main.cpp; sourceTree = "<group>"; };
/* End PBXFileReference section */

/* Begin PBXFrameworksBuildPhase section */
		B9AB297E195831E2001566A6 /* Frameworks */ = {
			isa = PBXFrameworksBuildPhase;
			buildActionMask = 2147483647;
			files = (
				B9AB29F41958347B001566A6 /* liblua.a in Frameworks */,
			);
			runOnlyForDeploymentPostprocessing = 0;
		};
/* End PBXFrameworksBuildPhase section */

/* Begin PBXGroup section */
		B9AB2978195831E2001566A6 = {
			isa = PBXGroup;
			children = (
				B9AB2983195831E2001566A6 /* TestLuaCpp */,
				B9AB2982195831E2001566A6 /* Products */,
			);
			sourceTree = "<group>";
		};
		B9AB2982195831E2001566A6 /* Products */ = {
			isa = PBXGroup;
			children = (
				B9AB2981195831E2001566A6 /* TestLuaCpp */,
			);
			name = Products;
			sourceTree = "<group>";
		};
		B9AB2983195831E2001566A6 /* TestLuaCpp */ = {
			isa = PBXGroup;
			children = (
				B9AB29EC1958347B001566A6 /* liblua */,
				B9AB29F31958347B001566A6 /* main.cpp */,
			);
			path = TestLuaCpp;
			sourceTree = "<group>";
		};
		B9AB29EC1958347B001566A6 /* liblua */ = {
			isa = PBXGroup;
			children = (
				B9AB29ED1958347B001566A6 /* lauxlib.h */,
				B9AB29EE1958347B001566A6 /* liblua.a */,
				B9AB29EF1958347B001566A6 /* lua.h */,
				B9AB29F01958347B001566A6 /* lua.hpp */,
				B9AB29F11958347B001566A6 /* luaconf.h */,
				B9AB29F21958347B001566A6 /* lualib.h */,
			);
			path = liblua;
			sourceTree = "<group>";
		};
/* End PBXGroup section */

/* Begin PBXNativeTarget section */
		B9AB2980195831E2001566A6 /* TestLuaCpp */ = {
			isa = PBXNativeTarget;
			buildConfigurationList = B9AB2988195831E2001566A6 /* Build configuration list for PBXNativeTarget "TestLuaCpp" */;
			buildPhases = (
				B9AB297D195831E2001566A6 /* Sources */,
				B9AB297E195831E2001566A6 /* Frameworks */,
				B9AB297F195831E2001566A6 /* CopyFiles */,
			);
			buildRules = (
			);
			dependencies = (
			);
			name = TestLuaCpp;
			productName = TestLuaCpp;
			productReference = B9AB2981195831E2001566A6 /* TestLuaCpp */;
			productType = "com.apple.product-type.tool";
		};
/* End PBXNativeTarget section */

/* Begin PBXProject section */
		B9AB2979195831E2001566A6 /* Project object */ = {
			isa = PBXProject;
			attributes = {
				LastUpgradeCheck = 0600;
				ORGANIZATIONNAME = CocoaChina;
				TargetAttributes = {
					B9AB2980195831E2001566A6 = {
						CreatedOnToolsVersion = 6.0;
					};
				};
			};
			buildConfigurationList = B9AB297C195831E2001566A6 /* Build configuration list for PBXProject "TestLuaCpp" */;
			compatibilityVersion = "Xcode 3.2";
			developmentRegion = English;
			hasScannedForEncodings = 0;
			knownRegions = (
				en,
			);
			mainGroup = B9AB2978195831E2001566A6;
			productRefGroup = B9AB2982195831E2001566A6 /* Products */;
			projectDirPath = "";
			projectRoot = "";
			targets = (
				B9AB2980195831E2001566A6 /* TestLuaCpp */,
			);
		};
/* End PBXProject section */

/* Begin PBXSourcesBuildPhase section */
		B9AB297D195831E2001566A6 /* Sources */ = {
			isa = PBXSourcesBuildPhase;
			buildActionMask = 2147483647;
			files = (
				B9AB29F51958347B001566A6 /* main.cpp in Sources */,
			);
			runOnlyForDeploymentPostprocessing = 0;
		};
/* End PBXSourcesBuildPhase section */

/* Begin XCBuildConfiguration section */
		B9AB2986195831E2001566A6 /* Debug */ = {
			isa = XCBuildConfiguration;
			buildSettings = {
				ALWAYS_SEARCH_USER_PATHS = NO;
				CLANG_CXX_LANGUAGE_STANDARD = "gnu++0x";
				CLANG_CXX_LIBRARY = "libc++";
				CLANG_ENABLE_MODULES = YES;
				CLANG_ENABLE_OBJC_ARC = YES;
				CLANG_WARN_BOOL_CONVERSION = YES;
				CLANG_WARN_CONSTANT_CONVERSION = YES;
				CLANG_WARN_DIRECT_OBJC_ISA_USAGE = YES_ERROR;
				CLANG_WARN_EMPTY_BODY = YES;
				CLANG_WARN_ENUM_CONVERSION = YES;
				CLANG_WARN_INT_CONVERSION = YES;
				CLANG_WARN_OBJC_ROOT_CLASS = YES_ERROR;
				CLANG_WARN_UNREACHABLE_CODE = YES;
				CLANG_WARN__DUPLICATE_METHOD_MATCH = YES;
				COPY_PHASE_STRIP = NO;
				ENABLE_STRICT_OBJC_MSGSEND = YES;
				GCC_C_LANGUAGE_STANDARD = gnu99;
				GCC_DYNAMIC_NO_PIC = NO;
				GCC_OPTIMIZATION_LEVEL = 0;
				GCC_PREPROCESSOR_DEFINITIONS = (
					"DEBUG=1",
					"$(inherited)",
				);
				GCC_SYMBOLS_PRIVATE_EXTERN = NO;
				GCC_WARN_64_TO_32_BIT_CONVERSION = YES;
				GCC_WARN_ABOUT_RETURN_TYPE = YES_ERROR;
				GCC_WARN_UNDECLARED_SELECTOR = YES;
				GCC_WARN_UNINITIALIZED_AUTOS = YES_AGGRESSIVE;
				GCC_WARN_UNUSED_FUNCTION = YES;
				GCC_WARN_UNUSED_VARIABLE = YES;
				MACOSX_DEPLOYMENT_TARGET = 10.10;
				METAL_ENABLE_DEBUG_INFO = YES;
				ONLY_ACTIVE_ARCH = YES;
				SDKROOT = macosx;
			};
			name = Debug;
		};
		B9AB2987195831E2001566A6 /* Release */ = {
			isa = XCBuildConfiguration;
			buildSettings = {
				ALWAYS_SEARCH_USER_PATHS = NO;
				CLANG_CXX_LANGUAGE_STANDARD = "gnu++0x";
				CLANG_CXX_LIBRARY = "libc++";
				CLANG_ENABLE_MODULES = YES;
				CLANG_ENABLE_OBJC_ARC = YES;
				CLANG_WARN_BOOL_CONVERSION = YES;
				CLANG_WARN_CONSTANT_CONVERSION = YES;
				CLANG_WARN_DIRECT_OBJC_ISA_USAGE = YES_ERROR;
				CLANG_WARN_EMPTY_BODY = YES;
				CLANG_WARN_ENUM_CONVERSION = YES;
				CLANG_WARN_INT_CONVERSION = YES;
				CLANG_WARN_OBJC_ROOT_CLASS = YES_ERROR;
				CLANG_WARN_UNREACHABLE_CODE = YES;
				CLANG_WARN__DUPLICATE_METHOD_MATCH = YES;
				COPY_PHASE_STRIP = YES;
				DEBUG_INFORMATION_FORMAT = "dwarf-with-dsym";
				ENABLE_NS_ASSERTIONS = NO;
				ENABLE_STRICT_OBJC_MSGSEND = YES;
				GCC_C_LANGUAGE_STANDARD = gnu99;
				GCC_WARN_64_TO_32_BIT_CONVERSION = YES;
				GCC_WARN_ABOUT_RETURN_TYPE = YES_ERROR;
				GCC_WARN_UNDECLARED_SELECTOR = YES;
				GCC_WARN_UNINITIALIZED_AUTOS = YES_AGGRESSIVE;
				GCC_WARN_UNUSED_FUNCTION = YES;
				GCC_WARN_UNUSED_VARIABLE = YES;
				MACOSX_DEPLOYMENT_TARGET = 10.10;
				METAL_ENABLE_DEBUG_INFO = NO;
				SDKROOT = macosx;
			};
			name = Release;
		};
		B9AB2989195831E2001566A6 /* Debug */ = {
			isa = XCBuildConfiguration;
			buildSettings = {
				LIBRARY_SEARCH_PATHS = (
					"$(inherited)",
					"$(PROJECT_DIR)/TestLuaCpp/liblua",
				);
				PRODUCT_NAME = "$(TARGET_NAME)";
			};
			name = Debug;
		};
		B9AB298A195831E2001566A6 /* Release */ = {
			isa = XCBuildConfiguration;
			buildSettings = {
				LIBRARY_SEARCH_PATHS = (
					"$(inherited)",
					"$(PROJECT_DIR)/TestLuaCpp/liblua",
				);
				PRODUCT_NAME = "$(TARGET_NAME)";
			};
			name = Release;
		};
/* End XCBuildConfiguration section */

/* Begin XCConfigurationList section */
		B9AB297C195831E2001566A6 /* Build configuration list for PBXProject "TestLuaCpp" */ = {
			isa = XCConfigurationList;
			buildConfigurations = (
				B9AB2986195831E2001566A6 /* Debug */,
				B9AB2987195831E2001566A6 /* Release */,
			);
			defaultConfigurationIsVisible = 0;
			defaultConfigurationName = Release;
		};
		B9AB2988195831E2001566A6 /* Build configuration list for PBXNativeTarget "TestLuaCpp" */ = {
			isa = XCConfigurationList;
			buildConfigurations = (
				B9AB2989195831E2001566A6 /* Debug */,
				B9AB298A195831E2001566A6 /* Release */,
			);
			defaultConfigurationIsVisible = 0;
		};
/* End XCConfigurationList section */
	};
	rootObject = B9AB2979195831E2001566A6 /* Project object */;
}
